// !$*UTF8*$!
{
	archiveVersion = 1;
	classes = {
	};
	objectVersion = 46;
	objects = {

/* Begin PBXBuildFile section */
		AD6B20B5236964A200669BD7 /* main.cpp in Sources */ = {isa = PBXBuildFile; fileRef = AD6B20B4236964A200669BD7 /* main.cpp */; };
		AD6B20BD236964AF00669BD7 /* OpenGL.framework in Frameworks */ = {isa = PBXBuildFile; fileRef = AD6B20BC236964AF00669BD7 /* OpenGL.framework */; };
		AD6B20BF236964D500669BD7 /* GLUT.framework in Frameworks */ = {isa = PBXBuildFile; fileRef = AD6B20BE236964D500669BD7 /* GLUT.framework */; };
/* End PBXBuildFile section */

/* Begin PBXCopyFilesBuildPhase section */
		AD6B20AF236964A200669BD7 /* CopyFiles */ = {
			isa = PBXCopyFilesBuildPhase;
			buildActionMask = 2147483647;
			dstPath = /usr/share/man/man1/;
			dstSubfolderSpec = 0;
			files = (
			);
			runOnlyForDeploymentPostprocessing = 1;
		};
/* End PBXCopyFilesBuildPhase section */

/* Begin PBXFileReference section */
		AD6B20B1236964A200669BD7 /* computerGraphicPainter */ = {isa = PBXFileReference; explicitFileType = "compiled.mach-o.executable"; includeInIndex = 0; path = computerGraphicPainter; sourceTree = BUILT_PRODUCTS_DIR; };
		AD6B20B4236964A200669BD7 /* main.cpp */ = {isa = PBXFileReference; lastKnownFileType = sourcecode.cpp.cpp; path = main.cpp; sourceTree = "<group>"; };
		AD6B20BC236964AF00669BD7 /* OpenGL.framework */ = {isa = PBXFileReference; lastKnownFileType = wrapper.framework; name = OpenGL.framework; path = System/Library/Frameworks/OpenGL.framework; sourceTree = SDKROOT; };
		AD6B20BE236964D500669BD7 /* GLUT.framework */ = {isa = PBXFileReference; lastKnownFileType = wrapper.framework; name = GLUT.framework; path = System/Library/Frameworks/GLUT.framework; sourceTree = SDKROOT; };
/* End PBXFileReference section */

/* Begin PBXFrameworksBuildPhase section */
		AD6B20AE236964A200669BD7 /* Frameworks */ = {
			isa = PBXFrameworksBuildPhase;
			buildActionMask = 2147483647;
			files = (
				AD6B20BF236964D500669BD7 /* GLUT.framework in Frameworks */,
				AD6B20BD236964AF00669BD7 /* OpenGL.framework in Frameworks */,
			);
			runOnlyForDeploymentPostprocessing = 0;
		};
/* End PBXFrameworksBuildPhase section */

/* Begin PBXGroup section */
		AD6B20A8236964A200669BD7 = {
			isa = PBXGroup;
			children = (
				AD6B20B3236964A200669BD7 /* computerGraphicPainter */,
				AD6B20B2236964A200669BD7 /* Products */,
				AD6B20BB236964AF00669BD7 /* Frameworks */,
			);
			sourceTree = "<group>";
		};
		AD6B20B2236964A200669BD7 /* Products */ = {
			isa = PBXGroup;
			children = (
				AD6B20B1236964A200669BD7 /* computerGraphicPainter */,
			);
			name = Products;
			sourceTree = "<group>";
		};
		AD6B20B3236964A200669BD7 /* computerGraphicPainter */ = {
			isa = PBXGroup;
			children = (
				AD6B20B4236964A200669BD7 /* main.cpp */,
			);
			path = computerGraphicPainter;
			sourceTree = "<group>";
		};
		AD6B20BB236964AF00669BD7 /* Frameworks */ = {
			isa = PBXGroup;
			children = (
				AD6B20BE236964D500669BD7 /* GLUT.framework */,
				AD6B20BC236964AF00669BD7 /* OpenGL.framework */,
			);
			name = Frameworks;
			sourceTree = "<group>";
		};
/* End PBXGroup section */

/* Begin PBXNativeTarget section */
		AD6B20B0236964A200669BD7 /* computerGraphicPainter */ = {
			isa = PBXNativeTarget;
			buildConfigurationList = AD6B20B8236964A200669BD7 /* Build configuration list for PBXNativeTarget "computerGraphicPainter" */;
			buildPhases = (
				AD6B20AD236964A200669BD7 /* Sources */,
				AD6B20AE236964A200669BD7 /* Frameworks */,
				AD6B20AF236964A200669BD7 /* CopyFiles */,
			);
			buildRules = (
			);
			dependencies = (
			);
			name = computerGraphicPainter;
			productName = computerGraphicPainter;
			productReference = AD6B20B1236964A200669BD7 /* computerGraphicPainter */;
			productType = "com.apple.product-type.tool";
		};
/* End PBXNativeTarget section */

/* Begin PBXProject section */
		AD6B20A9236964A200669BD7 /* Project object */ = {
			isa = PBXProject;
			attributes = {
				LastUpgradeCheck = 0830;
				ORGANIZATIONNAME = Liunx;
				TargetAttributes = {
					AD6B20B0236964A200669BD7 = {
						CreatedOnToolsVersion = 8.3.3;
						ProvisioningStyle = Automatic;
					};
				};
			};
			buildConfigurationList = AD6B20AC236964A200669BD7 /* Build configuration list for PBXProject "computerGraphicPainter" */;
			compatibilityVersion = "Xcode 3.2";
			developmentRegion = English;
			hasScannedForEncodings = 0;
			knownRegions = (
				en,
			);
			mainGroup = AD6B20A8236964A200669BD7;
			productRefGroup = AD6B20B2236964A200669BD7 /* Products */;
			projectDirPath = "";
			projectRoot = "";
			targets = (
				AD6B20B0236964A200669BD7 /* computerGraphicPainter */,
			);
		};
/* End PBXProject section */

/* Begin PBXSourcesBuildPhase section */
		AD6B20AD236964A200669BD7 /* Sources */ = {
			isa = PBXSourcesBuildPhase;
			buildActionMask = 2147483647;
			files = (
				AD6B20B5236964A200669BD7 /* main.cpp in Sources */,
			);
			runOnlyForDeploymentPostprocessing = 0;
		};
/* End PBXSourcesBuildPhase section */

/* Begin XCBuildConfiguration section */
		AD6B20B6236964A200669BD7 /* Debug */ = {
			isa = XCBuildConfiguration;
			buildSettings = {
				ALWAYS_SEARCH_USER_PATHS = NO;
				CLANG_ANALYZER_NONNULL = YES;
				CLANG_ANALYZER_NUMBER_OBJECT_CONVERSION = YES_AGGRESSIVE;
				CLANG_CXX_LANGUAGE_STANDARD = "gnu++0x";
				CLANG_CXX_LIBRARY = "libc++";
				CLANG_ENABLE_MODULES = YES;
				CLANG_ENABLE_OBJC_ARC = YES;
				CLANG_WARN_BOOL_CONVERSION = YES;
				CLANG_WARN_CONSTANT_CONVERSION = YES;
				CLANG_WARN_DIRECT_OBJC_ISA_USAGE = YES_ERROR;
				CLANG_WARN_DOCUMENTATION_COMMENTS = YES;
				CLANG_WARN_EMPTY_BODY = YES;
				CLANG_WARN_ENUM_CONVERSION = YES;
				CLANG_WARN_INFINITE_RECURSION = YES;
				CLANG_WARN_INT_CONVERSION = YES;
				CLANG_WARN_OBJC_ROOT_CLASS = YES_ERROR;
				CLANG_WARN_SUSPICIOUS_MOVE = YES;
				CLANG_WARN_UNREACHABLE_CODE = YES;
				CLANG_WARN__DUPLICATE_METHOD_MATCH = YES;
				CODE_SIGN_IDENTITY = "-";
				COPY_PHASE_STRIP = NO;
				DEBUG_INFORMATION_FORMAT = dwarf;
				ENABLE_STRICT_OBJC_MSGSEND = YES;
				ENABLE_TESTABILITY = YES;
				GCC_C_LANGUAGE_STANDARD = gnu99;
				GCC_DYNAMIC_NO_PIC = NO;
				GCC_NO_COMMON_BLOCKS = YES;
				GCC_OPTIMIZATION_LEVEL = 0;
				GCC_PREPROCESSOR_DEFINITIONS = (
					"DEBUG=1",
					"$(inherited)",
				);
				GCC_WARN_64_TO_32_BIT_CONVERSION = YES;
				GCC_WARN_ABOUT_RETURN_TYPE = YES_ERROR;
				GCC_WARN_UNDECLARED_SELECTOR = YES;
				GCC_WARN_UNINITIALIZED_AUTOS = YES_AGGRESSIVE;
				GCC_WARN_UNUSED_FUNCTION = YES;
				GCC_WARN_UNUSED_VARIABLE = YES;
				MACOSX_DEPLOYMENT_TARGET = 10.12;
				MTL_ENABLE_DEBUG_INFO = YES;
				ONLY_ACTIVE_ARCH = YES;
				SDKROOT = macosx;
			};
			name = Debug;
		};
		AD6B20B7236964A200669BD7 /* Release */ = {
			isa = XCBuildConfiguration;
			buildSettings = {
				ALWAYS_SEARCH_USER_PATHS = NO;
				CLANG_ANALYZER_NONNULL = YES;
				CLANG_ANALYZER_NUMBER_OBJECT_CONVERSION = YES_AGGRESSIVE;
				CLANG_CXX_LANGUAGE_STANDARD = "gnu++0x";
				CLANG_CXX_LIBRARY = "libc++";
				CLANG_ENABLE_MODULES = YES;
				CLANG_ENABLE_OBJC_ARC = YES;
				CLANG_WARN_BOOL_CONVERSION = YES;
				CLANG_WARN_CONSTANT_CONVERSION = YES;
				CLANG_WARN_DIRECT_OBJC_ISA_USAGE = YES_ERROR;
				CLANG_WARN_DOCUMENTATION_COMMENTS = YES;
				CLANG_WARN_EMPTY_BODY = YES;
				CLANG_WARN_ENUM_CONVERSION = YES;
				CLANG_WARN_INFINITE_RECURSION = YES;
				CLANG_WARN_INT_CONVERSION = YES;
				CLANG_WARN_OBJC_ROOT_CLASS = YES_ERROR;
				CLANG_WARN_SUSPICIOUS_MOVE = YES;
				CLANG_WARN_UNREACHABLE_CODE = YES;
				CLANG_WARN__DUPLICATE_METHOD_MATCH = YES;
				CODE_SIGN_IDENTITY = "-";
				COPY_PHASE_STRIP = NO;
				DEBUG_INFORMATION_FORMAT = "dwarf-with-dsym";
				ENABLE_NS_ASSERTIONS = NO;
				ENABLE_STRICT_OBJC_MSGSEND = YES;
				GCC_C_LANGUAGE_STANDARD = gnu99;
				GCC_NO_COMMON_BLOCKS = YES;
				GCC_WARN_64_TO_32_BIT_CONVERSION = YES;
				GCC_WARN_ABOUT_RETURN_TYPE = YES_ERROR;
				GCC_WARN_UNDECLARED_SELECTOR = YES;
				GCC_WARN_UNINITIALIZED_AUTOS = YES_AGGRESSIVE;
				GCC_WARN_UNUSED_FUNCTION = YES;
				GCC_WARN_UNUSED_VARIABLE = YES;
				MACOSX_DEPLOYMENT_TARGET = 10.12;
				MTL_ENABLE_DEBUG_INFO = NO;
				SDKROOT = macosx;
			};
			name = Release;
		};
		AD6B20B9236964A200669BD7 /* Debug */ = {
			isa = XCBuildConfiguration;
			buildSettings = {
				MACOSX_DEPLOYMENT_TARGET = 10.8;
				PRODUCT_NAME = "$(TARGET_NAME)";
			};
			name = Debug;
		};
		AD6B20BA236964A200669BD7 /* Release */ = {
			isa = XCBuildConfiguration;
			buildSettings = {
				MACOSX_DEPLOYMENT_TARGET = 10.8;
				PRODUCT_NAME = "$(TARGET_NAME)";
			};
			name = Release;
		};
/* End XCBuildConfiguration section */

/* Begin XCConfigurationList section */
		AD6B20AC236964A200669BD7 /* Build configuration list for PBXProject "computerGraphicPainter" */ = {
			isa = XCConfigurationList;
			buildConfigurations = (
				AD6B20B6236964A200669BD7 /* Debug */,
				AD6B20B7236964A200669BD7 /* Release */,
			);
			defaultConfigurationIsVisible = 0;
			defaultConfigurationName = Release;
		};
		AD6B20B8236964A200669BD7 /* Build configuration list for PBXNativeTarget "computerGraphicPainter" */ = {
			isa = XCConfigurationList;
			buildConfigurations = (
				AD6B20B9236964A200669BD7 /* Debug */,
				AD6B20BA236964A200669BD7 /* Release */,
			);
			defaultConfigurationIsVisible = 0;
		};
/* End XCConfigurationList section */
	};
	rootObject = AD6B20A9236964A200669BD7 /* Project object */;
}
